
Microsoft Visual Studio Solution File, Format Version 12.00
# Visual Studio Version 17
VisualStudioVersion = 17.1.32414.318
MinimumVisualStudioVersion = 10.0.40219.1
Project("{FAE04EC0-301F-11D3-BF4B-00C04F79EFBC}") = "atm_form", "atm_form\atm_form.csproj", "{5AFDC158-F149-4483-8F30-CEAC5B5CB285}"
EndProject
Global
	GlobalSection(SolutionConfigurationPlatforms) = preSolution
		Debug|Any CPU = Debug|Any CPU
		Release|Any CPU = Release|Any CPU
	EndGlobalSection
	GlobalSection(ProjectConfigurationPlatforms) = postSolution
		{5AFDC158-F149-4483-8F30-CEAC5B5CB285}.Debug|Any CPU.ActiveCfg = Debug|Any CPU
		{5AFDC158-F149-4483-8F30-CEAC5B5CB285}.Debug|Any CPU.Build.0 = Debug|Any CPU
		{5AFDC158-F149-4483-8F30-CEAC5B5CB285}.Release|Any CPU.ActiveCfg = Release|Any CPU
		{5AFDC158-F149-4483-8F30-CEAC5B5CB285}.Release|Any CPU.Build.0 = Release|Any CPU
	EndGlobalSection
	GlobalSection(SolutionProperties) = preSolution
		HideSolutionNode = FALSE
	EndGlobalSection
	GlobalSection(ExtensibilityGlobals) = postSolution
		SolutionGuid = {E482270F-1C63-4CD0-8284-725DABD36CB5}
	EndGlobalSection
EndGlobal
